<Solution>
  <Project Path="SPSCReady.API/SPSCReady.API.csproj" />
  <Project Path="SPSCReady.Application/SPSCReady.Application.csproj" Id="58d45a6f-aad0-457a-98d5-8a0ffc091d16" />
  <Project Path="SPSCReady.Domain/SPSCReady.Domain.csproj" Id="e9960b6e-7688-4418-bc13-3e7040cedfa1" />
  <Project Path="SPSCReady.Infrastructure/SPSCReady.Infrastructure.csproj" Id="6d9ee164-89f2-4702-9029-98a819ade8fd" />
</Solution>
